{
  "version": 1,
  "dependencies": {
    "net10.0": {
      "Konscious.Security.Cryptography.Argon2": {
        "type": "Direct",
        "requested": "[1.3.1, )",
        "resolved": "1.3.1",
        "contentHash": "T+OAGwzYYXftahpOxO7J4xA5K6urxwGnWQf3M+Jpi+76Azv/0T3M5SuN+h7/QvXuiqNw3ZEZ5QqVLI5ygDAylw==",
        "dependencies": {
          "Konscious.Security.Cryptography.Blake2": "1.1.1"
        }
      },
      "sqlite-net-pcl": {
        "type": "Direct",
        "requested": "[1.11.285, )",
        "resolved": "1.11.285",
        "contentHash": "6xmGBGgjD0s84PNSbUm5Ojk61TTWahayIHylq0eTk0InHRx1ZQnBlXM+UOVzl2cNEwDpdpNhVoK2y0Yg6XO4sg==",
        "dependencies": {
          "SQLitePCLRaw.core": "3.0.3",
          "SQLitePCLRaw.provider.e_sqlite3": "3.0.3",
          "SourceGear.sqlite3": "3.53.3"
        }
      },
      "Konscious.Security.Cryptography.Blake2": {
        "type": "Transitive",
        "resolved": "1.1.1",
        "contentHash": "odwOyzj/J/lHJZNwFWJGU/LRecBShupAJ2S8TQqZfhUe9niHzu/voBYK5wuVKsvSpzbfupKQYZguVyIk1sgOkQ=="
      },
      "SourceGear.sqlite3": {
        "type": "Transitive",
        "resolved": "3.53.3",
        "contentHash": "PaDT7JwQ00HmXZT1xSGSC0c24A5lVpJYHMrXBuJATdpB2t0nf4Kq9HyPaZhxVW0elPq4XI1s5BLh7qLuObmzFA=="
      },
      "SQLitePCLRaw.core": {
        "type": "Transitive",
        "resolved": "3.0.3",
        "contentHash": "bjm6FY4lZyP+t7GmiuvSM0QXpFihAvyE0Y9O2yibm3g95AAWJPNnHOKVNJGyPTGIKuK7Pr4Wh8Rd8/aOtAclQw=="
      },
      "SQLitePCLRaw.provider.e_sqlite3": {
        "type": "Transitive",
        "resolved": "3.0.3",
        "contentHash": "wd+fGvZTrr3BJNe48opSczmC176Okd61ZgoZNQcdvZwkek6to978ccdpcFmNo5GHxCnk29KwT+f+lAZYgfLVZg==",
        "dependencies": {
          "SQLitePCLRaw.core": "3.0.3"
        }
      },
      "passcrate.core": {
        "type": "Project"
      }
    }
  }
}